
Microsoft Visual Studio Solution File, Format Version 12.00
# Visual Studio 14
VisualStudioVersion = 14.0.25123.0
MinimumVisualStudioVersion = 10.0.40219.1
Project("{FAE04EC0-301F-11D3-BF4B-00C04F79EFBC}") = "ControllersAndActions", "ControllersAndActions\ControllersAndActions.csproj", "{326D774F-9C71-4E32-86FA-890F8D4AF550}"
EndProject
Project("{FAE04EC0-301F-11D3-BF4B-00C04F79EFBC}") = "ControllersAndActions.Tests", "ControllersAndActions.Tests\ControllersAndActions.Tests.csproj", "{266B70D0-FA4A-423D-BEB8-835298E0FD3D}"
EndProject
Global
	GlobalSection(SolutionConfigurationPlatforms) = preSolution
		Debug|Any CPU = Debug|Any CPU
		Release|Any CPU = Release|Any CPU
	EndGlobalSection
	GlobalSection(ProjectConfigurationPlatforms) = postSolution
		{326D774F-9C71-4E32-86FA-890F8D4AF550}.Debug|Any CPU.ActiveCfg = Debug|Any CPU
		{326D774F-9C71-4E32-86FA-890F8D4AF550}.Debug|Any CPU.Build.0 = Debug|Any CPU
		{326D774F-9C71-4E32-86FA-890F8D4AF550}.Release|Any CPU.ActiveCfg = Release|Any CPU
		{326D774F-9C71-4E32-86FA-890F8D4AF550}.Release|Any CPU.Build.0 = Release|Any CPU
		{266B70D0-FA4A-423D-BEB8-835298E0FD3D}.Debug|Any CPU.ActiveCfg = Debug|Any CPU
		{266B70D0-FA4A-423D-BEB8-835298E0FD3D}.Debug|Any CPU.Build.0 = Debug|Any CPU
		{266B70D0-FA4A-423D-BEB8-835298E0FD3D}.Release|Any CPU.ActiveCfg = Release|Any CPU
		{266B70D0-FA4A-423D-BEB8-835298E0FD3D}.Release|Any CPU.Build.0 = Release|Any CPU
	EndGlobalSection
	GlobalSection(SolutionProperties) = preSolution
		HideSolutionNode = FALSE
	EndGlobalSection
EndGlobal
